PODS:
  - RxBiBinding (0.1.0):
    - RxCocoa (~> 4.2.0)
    - RxSwift (~> 4.2.0)
  - RxCocoa (4.2.0):
    - RxSwift (~> 4.0)
  - RxSwift (4.2.0)

DEPENDENCIES:
  - RxBiBinding (from `../`)

EXTERNAL SOURCES:
  RxBiBinding:
    :path: ../

SPEC CHECKSUMS:
  RxBiBinding: 84cae4d55d996ce0bafdb20b93b88793485505ad
  RxCocoa: 0b54909c902e1e581212a03e690bbd94032d8baa
  RxSwift: 99e10317ddfcc7fbe01356aafd118fde4a0be104

PODFILE CHECKSUM: 1ea79ea0f01ad4008a491fd801d13735a7020ecf

COCOAPODS: 1.4.0
